
Microsoft Visual Studio Solution File, Format Version 12.00
# Visual Studio Version 16
VisualStudioVersion = 16.0.30907.101
MinimumVisualStudioVersion = 10.0.40219.1
Project("{FAE04EC0-301F-11D3-BF4B-00C04F79EFBC}") = "MoviesAPI.Project", "MoviesAPI.Project\MoviesAPI.Project.csproj", "{45369D3F-3F43-4F78-BE8A-CEFE702AB592}"
EndProject
Global
	GlobalSection(SolutionConfigurationPlatforms) = preSolution
		Debug|Any CPU = Debug|Any CPU
		Release|Any CPU = Release|Any CPU
	EndGlobalSection
	GlobalSection(ProjectConfigurationPlatforms) = postSolution
		{45369D3F-3F43-4F78-BE8A-CEFE702AB592}.Debug|Any CPU.ActiveCfg = Debug|Any CPU
		{45369D3F-3F43-4F78-BE8A-CEFE702AB592}.Debug|Any CPU.Build.0 = Debug|Any CPU
		{45369D3F-3F43-4F78-BE8A-CEFE702AB592}.Release|Any CPU.ActiveCfg = Release|Any CPU
		{45369D3F-3F43-4F78-BE8A-CEFE702AB592}.Release|Any CPU.Build.0 = Release|Any CPU
	EndGlobalSection
	GlobalSection(SolutionProperties) = preSolution
		HideSolutionNode = FALSE
	EndGlobalSection
	GlobalSection(ExtensibilityGlobals) = postSolution
		SolutionGuid = {10E88836-7A61-4820-B86C-31C6A71C036A}
	EndGlobalSection
EndGlobal
